// !$*UTF8*$!
{
	archiveVersion = 1;
	classes = {
	};
	objectVersion = 56;
	objects = {

/* Begin PBXBuildFile section */
		4427535B29A3F2F60021D238 /* CheckBoxView.swift in Sources */ = {isa = PBXBuildFile; fileRef = 4427535A29A3F2F60021D238 /* CheckBoxView.swift */; };
		4427535D29A55B120021D238 /* GoogleService-Info.plist in Resources */ = {isa = PBXBuildFile; fileRef = 4427535C29A55B120021D238 /* GoogleService-Info.plist */; };
		44AA01A32982DFC500F97EFC /* MuviSelctaApp.swift in Sources */ = {isa = PBXBuildFile; fileRef = 44AA01A22982DFC500F97EFC /* MuviSelctaApp.swift */; };
		44AA01A72982DFC600F97EFC /* Assets.xcassets in Resources */ = {isa = PBXBuildFile; fileRef = 44AA01A62982DFC600F97EFC /* Assets.xcassets */; };
		44AA01AA2982DFC600F97EFC /* Preview Assets.xcassets in Resources */ = {isa = PBXBuildFile; fileRef = 44AA01A92982DFC600F97EFC /* Preview Assets.xcassets */; };
		44AA01AC2982DFC600F97EFC /* Persistence.swift in Sources */ = {isa = PBXBuildFile; fileRef = 44AA01AB2982DFC600F97EFC /* Persistence.swift */; };
		44AA01AF2982DFC600F97EFC /* MuviSelcta.xcdatamodeld in Sources */ = {isa = PBXBuildFile; fileRef = 44AA01AD2982DFC600F97EFC /* MuviSelcta.xcdatamodeld */; };
		44AA01B92982DFC700F97EFC /* MuviSelctaTests.swift in Sources */ = {isa = PBXBuildFile; fileRef = 44AA01B82982DFC700F97EFC /* MuviSelctaTests.swift */; };
		44AA01C32982DFC700F97EFC /* MuviSelctaUITests.swift in Sources */ = {isa = PBXBuildFile; fileRef = 44AA01C22982DFC700F97EFC /* MuviSelctaUITests.swift */; };
		44AA01C52982DFC700F97EFC /* MuviSelctaUITestsLaunchTests.swift in Sources */ = {isa = PBXBuildFile; fileRef = 44AA01C42982DFC700F97EFC /* MuviSelctaUITestsLaunchTests.swift */; };
		44AA01D32982E02B00F97EFC /* IMDBApi.swift in Sources */ = {isa = PBXBuildFile; fileRef = 44AA01D22982E02B00F97EFC /* IMDBApi.swift */; };
		44AA01D52982E0E400F97EFC /* IMDBResponses.swift in Sources */ = {isa = PBXBuildFile; fileRef = 44AA01D42982E0E400F97EFC /* IMDBResponses.swift */; };
		44AA01D72982E13100F97EFC /* MuviDashboardView.swift in Sources */ = {isa = PBXBuildFile; fileRef = 44AA01D62982E13100F97EFC /* MuviDashboardView.swift */; };
		44AA01D92982E1E000F97EFC /* SingleTitleView.swift in Sources */ = {isa = PBXBuildFile; fileRef = 44AA01D82982E1E000F97EFC /* SingleTitleView.swift */; };
		44AA01DC2985F0CA00F97EFC /* GenreSpecificTitlesView.swift in Sources */ = {isa = PBXBuildFile; fileRef = 44AA01DB2985F0CA00F97EFC /* GenreSpecificTitlesView.swift */; };
		44AA01DF2986EB2700F97EFC /* DownloadNewMoviesView.swift in Sources */ = {isa = PBXBuildFile; fileRef = 44AA01DE2986EB2700F97EFC /* DownloadNewMoviesView.swift */; };
		44AA01E12986ED7D00F97EFC /* MainTabView.swift in Sources */ = {isa = PBXBuildFile; fileRef = 44AA01E02986ED7D00F97EFC /* MainTabView.swift */; };
		44B0C90A2996D76600EC9C2E /* WatchListsView.swift in Sources */ = {isa = PBXBuildFile; fileRef = 44B0C9092996D76600EC9C2E /* WatchListsView.swift */; };
		44B0C90C2996D83500EC9C2E /* WatchListsViewModelTests.swift in Sources */ = {isa = PBXBuildFile; fileRef = 44B0C90B2996D83500EC9C2E /* WatchListsViewModelTests.swift */; };
		44B0C9132996ED1500EC9C2E /* UIImage+LoadFromUrl.swift in Sources */ = {isa = PBXBuildFile; fileRef = 44B0C9102996ED1500EC9C2E /* UIImage+LoadFromUrl.swift */; };
		44B0C9142996ED1500EC9C2E /* UIColor+Hex.swift in Sources */ = {isa = PBXBuildFile; fileRef = 44B0C9112996ED1500EC9C2E /* UIColor+Hex.swift */; };
		44B0C9152996ED1500EC9C2E /* UITableView+RegisterNib.swift in Sources */ = {isa = PBXBuildFile; fileRef = 44B0C9122996ED1500EC9C2E /* UITableView+RegisterNib.swift */; };
		44B0C9172996EE4100EC9C2E /* Logging.swift in Sources */ = {isa = PBXBuildFile; fileRef = 44B0C9162996EE4100EC9C2E /* Logging.swift */; };
		44B0C9192996F04100EC9C2E /* String+Identifiable.swift in Sources */ = {isa = PBXBuildFile; fileRef = 44B0C9182996F04100EC9C2E /* String+Identifiable.swift */; };
		44B0C91C2996F79900EC9C2E /* Strings.swift in Sources */ = {isa = PBXBuildFile; fileRef = 44B0C91B2996F79900EC9C2E /* Strings.swift */; };
		44B0C9202996F9FD00EC9C2E /* DesignSystem.swift in Sources */ = {isa = PBXBuildFile; fileRef = 44B0C91F2996F9FD00EC9C2E /* DesignSystem.swift */; };
		44B0C9222996FBAB00EC9C2E /* Color+UIColor.swift in Sources */ = {isa = PBXBuildFile; fileRef = 44B0C9212996FBAB00EC9C2E /* Color+UIColor.swift */; };
		44B0C9242996FD6D00EC9C2E /* PrimaryButton.swift in Sources */ = {isa = PBXBuildFile; fileRef = 44B0C9232996FD6D00EC9C2E /* PrimaryButton.swift */; };
		44B0C9262997102E00EC9C2E /* CatalogView.swift in Sources */ = {isa = PBXBuildFile; fileRef = 44B0C9252997102E00EC9C2E /* CatalogView.swift */; };
		44B0C9292997135B00EC9C2E /* CustomTabView.swift in Sources */ = {isa = PBXBuildFile; fileRef = 44B0C9282997135B00EC9C2E /* CustomTabView.swift */; };
		44B0C92C2998489D00EC9C2E /* CreateNewWatchlistView.swift in Sources */ = {isa = PBXBuildFile; fileRef = 44B0C92B2998489D00EC9C2E /* CreateNewWatchlistView.swift */; };
		44B0C92E29984CA400EC9C2E /* View+Placeholder.swift in Sources */ = {isa = PBXBuildFile; fileRef = 44B0C92D29984CA400EC9C2E /* View+Placeholder.swift */; };
		44B0C9302998571100EC9C2E /* CreateNewWatchListViewModelTest.swift in Sources */ = {isa = PBXBuildFile; fileRef = 44B0C92F2998571100EC9C2E /* CreateNewWatchListViewModelTest.swift */; };
/* End PBXBuildFile section */

/* Begin PBXContainerItemProxy section */
		44AA01B52982DFC700F97EFC /* PBXContainerItemProxy */ = {
			isa = PBXContainerItemProxy;
			containerPortal = 44AA01972982DFC500F97EFC /* Project object */;
			proxyType = 1;
			remoteGlobalIDString = 44AA019E2982DFC500F97EFC;
			remoteInfo = MuviSelcta;
		};
		44AA01BF2982DFC700F97EFC /* PBXContainerItemProxy */ = {
			isa = PBXContainerItemProxy;
			containerPortal = 44AA01972982DFC500F97EFC /* Project object */;
			proxyType = 1;
			remoteGlobalIDString = 44AA019E2982DFC500F97EFC;
			remoteInfo = MuviSelcta;
		};
/* End PBXContainerItemProxy section */

/* Begin PBXFileReference section */
		4427535A29A3F2F60021D238 /* CheckBoxView.swift */ = {isa = PBXFileReference; lastKnownFileType = sourcecode.swift; path = CheckBoxView.swift; sourceTree = "<group>"; };
		4427535C29A55B120021D238 /* GoogleService-Info.plist */ = {isa = PBXFileReference; fileEncoding = 4; lastKnownFileType = text.plist.xml; path = "GoogleService-Info.plist"; sourceTree = "<group>"; };
		44AA019F2982DFC500F97EFC /* MuviSelcta.app */ = {isa = PBXFileReference; explicitFileType = wrapper.application; includeInIndex = 0; path = MuviSelcta.app; sourceTree = BUILT_PRODUCTS_DIR; };
		44AA01A22982DFC500F97EFC /* MuviSelctaApp.swift */ = {isa = PBXFileReference; lastKnownFileType = sourcecode.swift; path = MuviSelctaApp.swift; sourceTree = "<group>"; };
		44AA01A62982DFC600F97EFC /* Assets.xcassets */ = {isa = PBXFileReference; lastKnownFileType = folder.assetcatalog; path = Assets.xcassets; sourceTree = "<group>"; };
		44AA01A92982DFC600F97EFC /* Preview Assets.xcassets */ = {isa = PBXFileReference; lastKnownFileType = folder.assetcatalog; path = "Preview Assets.xcassets"; sourceTree = "<group>"; };
		44AA01AB2982DFC600F97EFC /* Persistence.swift */ = {isa = PBXFileReference; lastKnownFileType = sourcecode.swift; path = Persistence.swift; sourceTree = "<group>"; };
		44AA01AE2982DFC600F97EFC /* MuviSelcta.xcdatamodel */ = {isa = PBXFileReference; lastKnownFileType = wrapper.xcdatamodel; path = MuviSelcta.xcdatamodel; sourceTree = "<group>"; };
		44AA01B42982DFC700F97EFC /* MuviSelctaTests.xctest */ = {isa = PBXFileReference; explicitFileType = wrapper.cfbundle; includeInIndex = 0; path = MuviSelctaTests.xctest; sourceTree = BUILT_PRODUCTS_DIR; };
		44AA01B82982DFC700F97EFC /* MuviSelctaTests.swift */ = {isa = PBXFileReference; lastKnownFileType = sourcecode.swift; path = MuviSelctaTests.swift; sourceTree = "<group>"; };
		44AA01BE2982DFC700F97EFC /* MuviSelctaUITests.xctest */ = {isa = PBXFileReference; explicitFileType = wrapper.cfbundle; includeInIndex = 0; path = MuviSelctaUITests.xctest; sourceTree = BUILT_PRODUCTS_DIR; };
		44AA01C22982DFC700F97EFC /* MuviSelctaUITests.swift */ = {isa = PBXFileReference; lastKnownFileType = sourcecode.swift; path = MuviSelctaUITests.swift; sourceTree = "<group>"; };
		44AA01C42982DFC700F97EFC /* MuviSelctaUITestsLaunchTests.swift */ = {isa = PBXFileReference; lastKnownFileType = sourcecode.swift; path = MuviSelctaUITestsLaunchTests.swift; sourceTree = "<group>"; };
		44AA01D22982E02B00F97EFC /* IMDBApi.swift */ = {isa = PBXFileReference; lastKnownFileType = sourcecode.swift; path = IMDBApi.swift; sourceTree = "<group>"; };
		44AA01D42982E0E400F97EFC /* IMDBResponses.swift */ = {isa = PBXFileReference; lastKnownFileType = sourcecode.swift; path = IMDBResponses.swift; sourceTree = "<group>"; };
		44AA01D62982E13100F97EFC /* MuviDashboardView.swift */ = {isa = PBXFileReference; lastKnownFileType = sourcecode.swift; path = MuviDashboardView.swift; sourceTree = "<group>"; };
		44AA01D82982E1E000F97EFC /* SingleTitleView.swift */ = {isa = PBXFileReference; lastKnownFileType = sourcecode.swift; path = SingleTitleView.swift; sourceTree = "<group>"; };
		44AA01DB2985F0CA00F97EFC /* GenreSpecificTitlesView.swift */ = {isa = PBXFileReference; lastKnownFileType = sourcecode.swift; path = GenreSpecificTitlesView.swift; sourceTree = "<group>"; };
		44AA01DE2986EB2700F97EFC /* DownloadNewMoviesView.swift */ = {isa = PBXFileReference; lastKnownFileType = sourcecode.swift; path = DownloadNewMoviesView.swift; sourceTree = "<group>"; };
		44AA01E02986ED7D00F97EFC /* MainTabView.swift */ = {isa = PBXFileReference; lastKnownFileType = sourcecode.swift; path = MainTabView.swift; sourceTree = "<group>"; };
		44B0C9092996D76600EC9C2E /* WatchListsView.swift */ = {isa = PBXFileReference; lastKnownFileType = sourcecode.swift; path = WatchListsView.swift; sourceTree = "<group>"; };
		44B0C90B2996D83500EC9C2E /* WatchListsViewModelTests.swift */ = {isa = PBXFileReference; lastKnownFileType = sourcecode.swift; path = WatchListsViewModelTests.swift; sourceTree = "<group>"; };
		44B0C9102996ED1500EC9C2E /* UIImage+LoadFromUrl.swift */ = {isa = PBXFileReference; fileEncoding = 4; lastKnownFileType = sourcecode.swift; path = "UIImage+LoadFromUrl.swift"; sourceTree = "<group>"; };
		44B0C9112996ED1500EC9C2E /* UIColor+Hex.swift */ = {isa = PBXFileReference; fileEncoding = 4; lastKnownFileType = sourcecode.swift; path = "UIColor+Hex.swift"; sourceTree = "<group>"; };
		44B0C9122996ED1500EC9C2E /* UITableView+RegisterNib.swift */ = {isa = PBXFileReference; fileEncoding = 4; lastKnownFileType = sourcecode.swift; path = "UITableView+RegisterNib.swift"; sourceTree = "<group>"; };
		44B0C9162996EE4100EC9C2E /* Logging.swift */ = {isa = PBXFileReference; lastKnownFileType = sourcecode.swift; path = Logging.swift; sourceTree = "<group>"; };
		44B0C9182996F04100EC9C2E /* String+Identifiable.swift */ = {isa = PBXFileReference; lastKnownFileType = sourcecode.swift; path = "String+Identifiable.swift"; sourceTree = "<group>"; };
		44B0C91B2996F79900EC9C2E /* Strings.swift */ = {isa = PBXFileReference; lastKnownFileType = sourcecode.swift; path = Strings.swift; sourceTree = "<group>"; };
		44B0C91F2996F9FD00EC9C2E /* DesignSystem.swift */ = {isa = PBXFileReference; lastKnownFileType = sourcecode.swift; path = DesignSystem.swift; sourceTree = "<group>"; };
		44B0C9212996FBAB00EC9C2E /* Color+UIColor.swift */ = {isa = PBXFileReference; lastKnownFileType = sourcecode.swift; path = "Color+UIColor.swift"; sourceTree = "<group>"; };
		44B0C9232996FD6D00EC9C2E /* PrimaryButton.swift */ = {isa = PBXFileReference; lastKnownFileType = sourcecode.swift; path = PrimaryButton.swift; sourceTree = "<group>"; };
		44B0C9252997102E00EC9C2E /* CatalogView.swift */ = {isa = PBXFileReference; lastKnownFileType = sourcecode.swift; path = CatalogView.swift; sourceTree = "<group>"; };
		44B0C9282997135B00EC9C2E /* CustomTabView.swift */ = {isa = PBXFileReference; lastKnownFileType = sourcecode.swift; path = CustomTabView.swift; sourceTree = "<group>"; };
		44B0C92B2998489D00EC9C2E /* CreateNewWatchlistView.swift */ = {isa = PBXFileReference; lastKnownFileType = sourcecode.swift; path = CreateNewWatchlistView.swift; sourceTree = "<group>"; };
		44B0C92D29984CA400EC9C2E /* View+Placeholder.swift */ = {isa = PBXFileReference; lastKnownFileType = sourcecode.swift; path = "View+Placeholder.swift"; sourceTree = "<group>"; };
		44B0C92F2998571100EC9C2E /* CreateNewWatchListViewModelTest.swift */ = {isa = PBXFileReference; lastKnownFileType = sourcecode.swift; path = CreateNewWatchListViewModelTest.swift; sourceTree = "<group>"; };
/* End PBXFileReference section */

/* Begin PBXFrameworksBuildPhase section */
		44AA019C2982DFC500F97EFC /* Frameworks */ = {
			isa = PBXFrameworksBuildPhase;
			buildActionMask = 2147483647;
			files = (
			);
			runOnlyForDeploymentPostprocessing = 0;
		};
		44AA01B12982DFC700F97EFC /* Frameworks */ = {
			isa = PBXFrameworksBuildPhase;
			buildActionMask = 2147483647;
			files = (
			);
			runOnlyForDeploymentPostprocessing = 0;
		};
		44AA01BB2982DFC700F97EFC /* Frameworks */ = {
			isa = PBXFrameworksBuildPhase;
			buildActionMask = 2147483647;
			files = (
			);
			runOnlyForDeploymentPostprocessing = 0;
		};
/* End PBXFrameworksBuildPhase section */

/* Begin PBXGroup section */
		4427535929A3E8CF0021D238 /* Views */ = {
			isa = PBXGroup;
			children = (
				44AA01DD2986EB0C00F97EFC /* Tab Views */,
				44AA01DA2985F0A000F97EFC /* TitleListViews */,
				44B0C92A2998488400EC9C2E /* WatchListViews */,
			);
			path = Views;
			sourceTree = "<group>";
		};
		44AA01962982DFC500F97EFC = {
			isa = PBXGroup;
			children = (
				44AA01A12982DFC500F97EFC /* MuviSelcta */,
				44AA01B72982DFC700F97EFC /* MuviSelctaTests */,
				44AA01C12982DFC700F97EFC /* MuviSelctaUITests */,
				44AA01A02982DFC500F97EFC /* Products */,
			);
			sourceTree = "<group>";
		};
		44AA01A02982DFC500F97EFC /* Products */ = {
			isa = PBXGroup;
			children = (
				44AA019F2982DFC500F97EFC /* MuviSelcta.app */,
				44AA01B42982DFC700F97EFC /* MuviSelctaTests.xctest */,
				44AA01BE2982DFC700F97EFC /* MuviSelctaUITests.xctest */,
			);
			name = Products;
			sourceTree = "<group>";
		};
		44AA01A12982DFC500F97EFC /* MuviSelcta */ = {
			isa = PBXGroup;
			children = (
				4427535C29A55B120021D238 /* GoogleService-Info.plist */,
				4427535929A3E8CF0021D238 /* Views */,
				44B0C9272997134600EC9C2E /* UIComponents */,
				44B0C91A2996F78E00EC9C2E /* Configuration */,
				44B0C90D2996DD4900EC9C2E /* Extensions */,
				44B0C9062996D53800EC9C2E /* Misc */,
				44AA01D12982DFCE00F97EFC /* iMDb API's */,
				44AA01A22982DFC500F97EFC /* MuviSelctaApp.swift */,
				44AA01A62982DFC600F97EFC /* Assets.xcassets */,
				44AA01AD2982DFC600F97EFC /* MuviSelcta.xcdatamodeld */,
				44AA01A82982DFC600F97EFC /* Preview Content */,
			);
			path = MuviSelcta;
			sourceTree = "<group>";
		};
		44AA01A82982DFC600F97EFC /* Preview Content */ = {
			isa = PBXGroup;
			children = (
				44AA01A92982DFC600F97EFC /* Preview Assets.xcassets */,
			);
			path = "Preview Content";
			sourceTree = "<group>";
		};
		44AA01B72982DFC700F97EFC /* MuviSelctaTests */ = {
			isa = PBXGroup;
			children = (
				44AA01B82982DFC700F97EFC /* MuviSelctaTests.swift */,
				44B0C90B2996D83500EC9C2E /* WatchListsViewModelTests.swift */,
				44B0C92F2998571100EC9C2E /* CreateNewWatchListViewModelTest.swift */,
			);
			path = MuviSelctaTests;
			sourceTree = "<group>";
		};
		44AA01C12982DFC700F97EFC /* MuviSelctaUITests */ = {
			isa = PBXGroup;
			children = (
				44AA01C22982DFC700F97EFC /* MuviSelctaUITests.swift */,
				44AA01C42982DFC700F97EFC /* MuviSelctaUITestsLaunchTests.swift */,
			);
			path = MuviSelctaUITests;
			sourceTree = "<group>";
		};
		44AA01D12982DFCE00F97EFC /* iMDb API's */ = {
			isa = PBXGroup;
			children = (
				44AA01D22982E02B00F97EFC /* IMDBApi.swift */,
				44AA01D42982E0E400F97EFC /* IMDBResponses.swift */,
				44AA01D82982E1E000F97EFC /* SingleTitleView.swift */,
			);
			path = "iMDb API's";
			sourceTree = "<group>";
		};
		44AA01DA2985F0A000F97EFC /* TitleListViews */ = {
			isa = PBXGroup;
			children = (
				44AA01D62982E13100F97EFC /* MuviDashboardView.swift */,
				44AA01DB2985F0CA00F97EFC /* GenreSpecificTitlesView.swift */,
			);
			path = TitleListViews;
			sourceTree = "<group>";
		};
		44AA01DD2986EB0C00F97EFC /* Tab Views */ = {
			isa = PBXGroup;
			children = (
				44AA01E02986ED7D00F97EFC /* MainTabView.swift */,
				44AA01DE2986EB2700F97EFC /* DownloadNewMoviesView.swift */,
				44B0C9092996D76600EC9C2E /* WatchListsView.swift */,
				44B0C9252997102E00EC9C2E /* CatalogView.swift */,
			);
			path = "Tab Views";
			sourceTree = "<group>";
		};
		44B0C9062996D53800EC9C2E /* Misc */ = {
			isa = PBXGroup;
			children = (
				44AA01AB2982DFC600F97EFC /* Persistence.swift */,
				44B0C9162996EE4100EC9C2E /* Logging.swift */,
			);
			path = Misc;
			sourceTree = "<group>";
		};
		44B0C90D2996DD4900EC9C2E /* Extensions */ = {
			isa = PBXGroup;
			children = (
				44B0C9112996ED1500EC9C2E /* UIColor+Hex.swift */,
				44B0C9102996ED1500EC9C2E /* UIImage+LoadFromUrl.swift */,
				44B0C9122996ED1500EC9C2E /* UITableView+RegisterNib.swift */,
				44B0C9182996F04100EC9C2E /* String+Identifiable.swift */,
				44B0C9212996FBAB00EC9C2E /* Color+UIColor.swift */,
				44B0C92D29984CA400EC9C2E /* View+Placeholder.swift */,
			);
			path = Extensions;
			sourceTree = "<group>";
		};
		44B0C91A2996F78E00EC9C2E /* Configuration */ = {
			isa = PBXGroup;
			children = (
				44B0C91B2996F79900EC9C2E /* Strings.swift */,
				44B0C91F2996F9FD00EC9C2E /* DesignSystem.swift */,
			);
			path = Configuration;
			sourceTree = "<group>";
		};
		44B0C9272997134600EC9C2E /* UIComponents */ = {
			isa = PBXGroup;
			children = (
				44B0C9282997135B00EC9C2E /* CustomTabView.swift */,
				44B0C9232996FD6D00EC9C2E /* PrimaryButton.swift */,
				4427535A29A3F2F60021D238 /* CheckBoxView.swift */,
			);
			path = UIComponents;
			sourceTree = "<group>";
		};
		44B0C92A2998488400EC9C2E /* WatchListViews */ = {
			isa = PBXGroup;
			children = (
				44B0C92B2998489D00EC9C2E /* CreateNewWatchlistView.swift */,
			);
			path = WatchListViews;
			sourceTree = "<group>";
		};
/* End PBXGroup section */

/* Begin PBXNativeTarget section */
		44AA019E2982DFC500F97EFC /* MuviSelcta */ = {
			isa = PBXNativeTarget;
			buildConfigurationList = 44AA01C82982DFC700F97EFC /* Build configuration list for PBXNativeTarget "MuviSelcta" */;
			buildPhases = (
				44AA019B2982DFC500F97EFC /* Sources */,
				44AA019C2982DFC500F97EFC /* Frameworks */,
				44AA019D2982DFC500F97EFC /* Resources */,
			);
			buildRules = (
			);
			dependencies = (
			);
			name = MuviSelcta;
			productName = MuviSelcta;
			productReference = 44AA019F2982DFC500F97EFC /* MuviSelcta.app */;
			productType = "com.apple.product-type.application";
		};
		44AA01B32982DFC700F97EFC /* MuviSelctaTests */ = {
			isa = PBXNativeTarget;
			buildConfigurationList = 44AA01CB2982DFC700F97EFC /* Build configuration list for PBXNativeTarget "MuviSelctaTests" */;
			buildPhases = (
				44AA01B02982DFC700F97EFC /* Sources */,
				44AA01B12982DFC700F97EFC /* Frameworks */,
				44AA01B22982DFC700F97EFC /* Resources */,
			);
			buildRules = (
			);
			dependencies = (
				44AA01B62982DFC700F97EFC /* PBXTargetDependency */,
			);
			name = MuviSelctaTests;
			productName = MuviSelctaTests;
			productReference = 44AA01B42982DFC700F97EFC /* MuviSelctaTests.xctest */;
			productType = "com.apple.product-type.bundle.unit-test";
		};
		44AA01BD2982DFC700F97EFC /* MuviSelctaUITests */ = {
			isa = PBXNativeTarget;
			buildConfigurationList = 44AA01CE2982DFC700F97EFC /* Build configuration list for PBXNativeTarget "MuviSelctaUITests" */;
			buildPhases = (
				44AA01BA2982DFC700F97EFC /* Sources */,
				44AA01BB2982DFC700F97EFC /* Frameworks */,
				44AA01BC2982DFC700F97EFC /* Resources */,
			);
			buildRules = (
			);
			dependencies = (
				44AA01C02982DFC700F97EFC /* PBXTargetDependency */,
			);
			name = MuviSelctaUITests;
			productName = MuviSelctaUITests;
			productReference = 44AA01BE2982DFC700F97EFC /* MuviSelctaUITests.xctest */;
			productType = "com.apple.product-type.bundle.ui-testing";
		};
/* End PBXNativeTarget section */

/* Begin PBXProject section */
		44AA01972982DFC500F97EFC /* Project object */ = {
			isa = PBXProject;
			attributes = {
				BuildIndependentTargetsInParallel = 1;
				LastSwiftUpdateCheck = 1410;
				LastUpgradeCheck = 1410;
				TargetAttributes = {
					44AA019E2982DFC500F97EFC = {
						CreatedOnToolsVersion = 14.1;
					};
					44AA01B32982DFC700F97EFC = {
						CreatedOnToolsVersion = 14.1;
						TestTargetID = 44AA019E2982DFC500F97EFC;
					};
					44AA01BD2982DFC700F97EFC = {
						CreatedOnToolsVersion = 14.1;
						TestTargetID = 44AA019E2982DFC500F97EFC;
					};
				};
			};
			buildConfigurationList = 44AA019A2982DFC500F97EFC /* Build configuration list for PBXProject "MuviSelcta" */;
			compatibilityVersion = "Xcode 14.0";
			developmentRegion = en;
			hasScannedForEncodings = 0;
			knownRegions = (
				en,
				Base,
			);
			mainGroup = 44AA01962982DFC500F97EFC;
			productRefGroup = 44AA01A02982DFC500F97EFC /* Products */;
			projectDirPath = "";
			projectRoot = "";
			targets = (
				44AA019E2982DFC500F97EFC /* MuviSelcta */,
				44AA01B32982DFC700F97EFC /* MuviSelctaTests */,
				44AA01BD2982DFC700F97EFC /* MuviSelctaUITests */,
			);
		};
/* End PBXProject section */

/* Begin PBXResourcesBuildPhase section */
		44AA019D2982DFC500F97EFC /* Resources */ = {
			isa = PBXResourcesBuildPhase;
			buildActionMask = 2147483647;
			files = (
				44AA01AA2982DFC600F97EFC /* Preview Assets.xcassets in Resources */,
				44AA01A72982DFC600F97EFC /* Assets.xcassets in Resources */,
				4427535D29A55B120021D238 /* GoogleService-Info.plist in Resources */,
			);
			runOnlyForDeploymentPostprocessing = 0;
		};
		44AA01B22982DFC700F97EFC /* Resources */ = {
			isa = PBXResourcesBuildPhase;
			buildActionMask = 2147483647;
			files = (
			);
			runOnlyForDeploymentPostprocessing = 0;
		};
		44AA01BC2982DFC700F97EFC /* Resources */ = {
			isa = PBXResourcesBuildPhase;
			buildActionMask = 2147483647;
			files = (
			);
			runOnlyForDeploymentPostprocessing = 0;
		};
/* End PBXResourcesBuildPhase section */

/* Begin PBXSourcesBuildPhase section */
		44AA019B2982DFC500F97EFC /* Sources */ = {
			isa = PBXSourcesBuildPhase;
			buildActionMask = 2147483647;
			files = (
				44AA01DC2985F0CA00F97EFC /* GenreSpecificTitlesView.swift in Sources */,
				44AA01D52982E0E400F97EFC /* IMDBResponses.swift in Sources */,
				44AA01DF2986EB2700F97EFC /* DownloadNewMoviesView.swift in Sources */,
				44AA01AF2982DFC600F97EFC /* MuviSelcta.xcdatamodeld in Sources */,
				44B0C9152996ED1500EC9C2E /* UITableView+RegisterNib.swift in Sources */,
				44AA01D72982E13100F97EFC /* MuviDashboardView.swift in Sources */,
				44B0C9192996F04100EC9C2E /* String+Identifiable.swift in Sources */,
				44B0C9132996ED1500EC9C2E /* UIImage+LoadFromUrl.swift in Sources */,
				44AA01E12986ED7D00F97EFC /* MainTabView.swift in Sources */,
				4427535B29A3F2F60021D238 /* CheckBoxView.swift in Sources */,
				44B0C9142996ED1500EC9C2E /* UIColor+Hex.swift in Sources */,
				44B0C91C2996F79900EC9C2E /* Strings.swift in Sources */,
				44B0C92C2998489D00EC9C2E /* CreateNewWatchlistView.swift in Sources */,
				44AA01AC2982DFC600F97EFC /* Persistence.swift in Sources */,
				44B0C9292997135B00EC9C2E /* CustomTabView.swift in Sources */,
				44B0C9202996F9FD00EC9C2E /* DesignSystem.swift in Sources */,
				44B0C9222996FBAB00EC9C2E /* Color+UIColor.swift in Sources */,
				44AA01D32982E02B00F97EFC /* IMDBApi.swift in Sources */,
				44B0C90A2996D76600EC9C2E /* WatchListsView.swift in Sources */,
				44AA01A32982DFC500F97EFC /* MuviSelctaApp.swift in Sources */,
				44B0C92E29984CA400EC9C2E /* View+Placeholder.swift in Sources */,
				44B0C9262997102E00EC9C2E /* CatalogView.swift in Sources */,
				44B0C9242996FD6D00EC9C2E /* PrimaryButton.swift in Sources */,
				44AA01D92982E1E000F97EFC /* SingleTitleView.swift in Sources */,
				44B0C9172996EE4100EC9C2E /* Logging.swift in Sources */,
			);
			runOnlyForDeploymentPostprocessing = 0;
		};
		44AA01B02982DFC700F97EFC /* Sources */ = {
			isa = PBXSourcesBuildPhase;
			buildActionMask = 2147483647;
			files = (
				44B0C90C2996D83500EC9C2E /* WatchListsViewModelTests.swift in Sources */,
				44B0C9302998571100EC9C2E /* CreateNewWatchListViewModelTest.swift in Sources */,
				44AA01B92982DFC700F97EFC /* MuviSelctaTests.swift in Sources */,
			);
			runOnlyForDeploymentPostprocessing = 0;
		};
		44AA01BA2982DFC700F97EFC /* Sources */ = {
			isa = PBXSourcesBuildPhase;
			buildActionMask = 2147483647;
			files = (
				44AA01C32982DFC700F97EFC /* MuviSelctaUITests.swift in Sources */,
				44AA01C52982DFC700F97EFC /* MuviSelctaUITestsLaunchTests.swift in Sources */,
			);
			runOnlyForDeploymentPostprocessing = 0;
		};
/* End PBXSourcesBuildPhase section */

/* Begin PBXTargetDependency section */
		44AA01B62982DFC700F97EFC /* PBXTargetDependency */ = {
			isa = PBXTargetDependency;
			target = 44AA019E2982DFC500F97EFC /* MuviSelcta */;
			targetProxy = 44AA01B52982DFC700F97EFC /* PBXContainerItemProxy */;
		};
		44AA01C02982DFC700F97EFC /* PBXTargetDependency */ = {
			isa = PBXTargetDependency;
			target = 44AA019E2982DFC500F97EFC /* MuviSelcta */;
			targetProxy = 44AA01BF2982DFC700F97EFC /* PBXContainerItemProxy */;
		};
/* End PBXTargetDependency section */

/* Begin XCBuildConfiguration section */
		44AA01C62982DFC700F97EFC /* Debug */ = {
			isa = XCBuildConfiguration;
			buildSettings = {
				ALWAYS_SEARCH_USER_PATHS = NO;
				CLANG_ANALYZER_NONNULL = YES;
				CLANG_ANALYZER_NUMBER_OBJECT_CONVERSION = YES_AGGRESSIVE;
				CLANG_CXX_LANGUAGE_STANDARD = "gnu++20";
				CLANG_ENABLE_MODULES = YES;
				CLANG_ENABLE_OBJC_ARC = YES;
				CLANG_ENABLE_OBJC_WEAK = YES;
				CLANG_WARN_BLOCK_CAPTURE_AUTORELEASING = YES;
				CLANG_WARN_BOOL_CONVERSION = YES;
				CLANG_WARN_COMMA = YES;
				CLANG_WARN_CONSTANT_CONVERSION = YES;
				CLANG_WARN_DEPRECATED_OBJC_IMPLEMENTATIONS = YES;
				CLANG_WARN_DIRECT_OBJC_ISA_USAGE = YES_ERROR;
				CLANG_WARN_DOCUMENTATION_COMMENTS = YES;
				CLANG_WARN_EMPTY_BODY = YES;
				CLANG_WARN_ENUM_CONVERSION = YES;
				CLANG_WARN_INFINITE_RECURSION = YES;
				CLANG_WARN_INT_CONVERSION = YES;
				CLANG_WARN_NON_LITERAL_NULL_CONVERSION = YES;
				CLANG_WARN_OBJC_IMPLICIT_RETAIN_SELF = YES;
				CLANG_WARN_OBJC_LITERAL_CONVERSION = YES;
				CLANG_WARN_OBJC_ROOT_CLASS = YES_ERROR;
				CLANG_WARN_QUOTED_INCLUDE_IN_FRAMEWORK_HEADER = YES;
				CLANG_WARN_RANGE_LOOP_ANALYSIS = YES;
				CLANG_WARN_STRICT_PROTOTYPES = YES;
				CLANG_WARN_SUSPICIOUS_MOVE = YES;
				CLANG_WARN_UNGUARDED_AVAILABILITY = YES_AGGRESSIVE;
				CLANG_WARN_UNREACHABLE_CODE = YES;
				CLANG_WARN__DUPLICATE_METHOD_MATCH = YES;
				COPY_PHASE_STRIP = NO;
				DEBUG_INFORMATION_FORMAT = dwarf;
				ENABLE_STRICT_OBJC_MSGSEND = YES;
				ENABLE_TESTABILITY = YES;
				GCC_C_LANGUAGE_STANDARD = gnu11;
				GCC_DYNAMIC_NO_PIC = NO;
				GCC_NO_COMMON_BLOCKS = YES;
				GCC_OPTIMIZATION_LEVEL = 0;
				GCC_PREPROCESSOR_DEFINITIONS = (
					"DEBUG=1",
					"$(inherited)",
				);
				GCC_WARN_64_TO_32_BIT_CONVERSION = YES;
				GCC_WARN_ABOUT_RETURN_TYPE = YES_ERROR;
				GCC_WARN_UNDECLARED_SELECTOR = YES;
				GCC_WARN_UNINITIALIZED_AUTOS = YES_AGGRESSIVE;
				GCC_WARN_UNUSED_FUNCTION = YES;
				GCC_WARN_UNUSED_VARIABLE = YES;
				IPHONEOS_DEPLOYMENT_TARGET = 16.1;
				MTL_ENABLE_DEBUG_INFO = INCLUDE_SOURCE;
				MTL_FAST_MATH = YES;
				ONLY_ACTIVE_ARCH = YES;
				SDKROOT = iphoneos;
				SWIFT_ACTIVE_COMPILATION_CONDITIONS = DEBUG;
				SWIFT_OPTIMIZATION_LEVEL = "-Onone";
			};
			name = Debug;
		};
		44AA01C72982DFC700F97EFC /* Release */ = {
			isa = XCBuildConfiguration;
			buildSettings = {
				ALWAYS_SEARCH_USER_PATHS = NO;
				CLANG_ANALYZER_NONNULL = YES;
				CLANG_ANALYZER_NUMBER_OBJECT_CONVERSION = YES_AGGRESSIVE;
				CLANG_CXX_LANGUAGE_STANDARD = "gnu++20";
				CLANG_ENABLE_MODULES = YES;
				CLANG_ENABLE_OBJC_ARC = YES;
				CLANG_ENABLE_OBJC_WEAK = YES;
				CLANG_WARN_BLOCK_CAPTURE_AUTORELEASING = YES;
				CLANG_WARN_BOOL_CONVERSION = YES;
				CLANG_WARN_COMMA = YES;
				CLANG_WARN_CONSTANT_CONVERSION = YES;
				CLANG_WARN_DEPRECATED_OBJC_IMPLEMENTATIONS = YES;
				CLANG_WARN_DIRECT_OBJC_ISA_USAGE = YES_ERROR;
				CLANG_WARN_DOCUMENTATION_COMMENTS = YES;
				CLANG_WARN_EMPTY_BODY = YES;
				CLANG_WARN_ENUM_CONVERSION = YES;
				CLANG_WARN_INFINITE_RECURSION = YES;
				CLANG_WARN_INT_CONVERSION = YES;
				CLANG_WARN_NON_LITERAL_NULL_CONVERSION = YES;
				CLANG_WARN_OBJC_IMPLICIT_RETAIN_SELF = YES;
				CLANG_WARN_OBJC_LITERAL_CONVERSION = YES;
				CLANG_WARN_OBJC_ROOT_CLASS = YES_ERROR;
				CLANG_WARN_QUOTED_INCLUDE_IN_FRAMEWORK_HEADER = YES;
				CLANG_WARN_RANGE_LOOP_ANALYSIS = YES;
				CLANG_WARN_STRICT_PROTOTYPES = YES;
				CLANG_WARN_SUSPICIOUS_MOVE = YES;
				CLANG_WARN_UNGUARDED_AVAILABILITY = YES_AGGRESSIVE;
				CLANG_WARN_UNREACHABLE_CODE = YES;
				CLANG_WARN__DUPLICATE_METHOD_MATCH = YES;
				COPY_PHASE_STRIP = NO;
				DEBUG_INFORMATION_FORMAT = "dwarf-with-dsym";
				ENABLE_NS_ASSERTIONS = NO;
				ENABLE_STRICT_OBJC_MSGSEND = YES;
				GCC_C_LANGUAGE_STANDARD = gnu11;
				GCC_NO_COMMON_BLOCKS = YES;
				GCC_WARN_64_TO_32_BIT_CONVERSION = YES;
				GCC_WARN_ABOUT_RETURN_TYPE = YES_ERROR;
				GCC_WARN_UNDECLARED_SELECTOR = YES;
				GCC_WARN_UNINITIALIZED_AUTOS = YES_AGGRESSIVE;
				GCC_WARN_UNUSED_FUNCTION = YES;
				GCC_WARN_UNUSED_VARIABLE = YES;
				IPHONEOS_DEPLOYMENT_TARGET = 16.1;
				MTL_ENABLE_DEBUG_INFO = NO;
				MTL_FAST_MATH = YES;
				SDKROOT = iphoneos;
				SWIFT_COMPILATION_MODE = wholemodule;
				SWIFT_OPTIMIZATION_LEVEL = "-O";
				VALIDATE_PRODUCT = YES;
			};
			name = Release;
		};
		44AA01C92982DFC700F97EFC /* Debug */ = {
			isa = XCBuildConfiguration;
			buildSettings = {
				ASSETCATALOG_COMPILER_APPICON_NAME = AppIcon;
				ASSETCATALOG_COMPILER_GLOBAL_ACCENT_COLOR_NAME = AccentColor;
				CODE_SIGN_STYLE = Automatic;
				CURRENT_PROJECT_VERSION = 1;
				DEVELOPMENT_ASSET_PATHS = "\"MuviSelcta/Preview Content\"";
				DEVELOPMENT_TEAM = 2MCP72XDUE;
				ENABLE_PREVIEWS = YES;
				GENERATE_INFOPLIST_FILE = YES;
				INFOPLIST_KEY_UIApplicationSceneManifest_Generation = YES;
				INFOPLIST_KEY_UIApplicationSupportsIndirectInputEvents = YES;
				INFOPLIST_KEY_UILaunchScreen_Generation = YES;
				INFOPLIST_KEY_UIStatusBarStyle = UIStatusBarStyleLightContent;
				INFOPLIST_KEY_UISupportedInterfaceOrientations_iPad = "UIInterfaceOrientationPortrait UIInterfaceOrientationPortraitUpsideDown UIInterfaceOrientationLandscapeLeft UIInterfaceOrientationLandscapeRight";
				INFOPLIST_KEY_UISupportedInterfaceOrientations_iPhone = "UIInterfaceOrientationPortrait UIInterfaceOrientationLandscapeLeft UIInterfaceOrientationLandscapeRight";
				LD_RUNPATH_SEARCH_PATHS = (
					"$(inherited)",
					"@executable_path/Frameworks",
				);
				MARKETING_VERSION = 1.0;
				PRODUCT_BUNDLE_IDENTIFIER = com.DevCon.MuviSelcta;
				PRODUCT_NAME = "$(TARGET_NAME)";
				SWIFT_EMIT_LOC_STRINGS = YES;
				SWIFT_VERSION = 5.0;
				TARGETED_DEVICE_FAMILY = "1,2";
			};
			name = Debug;
		};
		44AA01CA2982DFC700F97EFC /* Release */ = {
			isa = XCBuildConfiguration;
			buildSettings = {
				ASSETCATALOG_COMPILER_APPICON_NAME = AppIcon;
				ASSETCATALOG_COMPILER_GLOBAL_ACCENT_COLOR_NAME = AccentColor;
				CODE_SIGN_STYLE = Automatic;
				CURRENT_PROJECT_VERSION = 1;
				DEVELOPMENT_ASSET_PATHS = "\"MuviSelcta/Preview Content\"";
				DEVELOPMENT_TEAM = 2MCP72XDUE;
				ENABLE_PREVIEWS = YES;
				GENERATE_INFOPLIST_FILE = YES;
				INFOPLIST_KEY_UIApplicationSceneManifest_Generation = YES;
				INFOPLIST_KEY_UIApplicationSupportsIndirectInputEvents = YES;
				INFOPLIST_KEY_UILaunchScreen_Generation = YES;
				INFOPLIST_KEY_UIStatusBarStyle = UIStatusBarStyleLightContent;
				INFOPLIST_KEY_UISupportedInterfaceOrientations_iPad = "UIInterfaceOrientationPortrait UIInterfaceOrientationPortraitUpsideDown UIInterfaceOrientationLandscapeLeft UIInterfaceOrientationLandscapeRight";
				INFOPLIST_KEY_UISupportedInterfaceOrientations_iPhone = "UIInterfaceOrientationPortrait UIInterfaceOrientationLandscapeLeft UIInterfaceOrientationLandscapeRight";
				LD_RUNPATH_SEARCH_PATHS = (
					"$(inherited)",
					"@executable_path/Frameworks",
				);
				MARKETING_VERSION = 1.0;
				PRODUCT_BUNDLE_IDENTIFIER = com.DevCon.MuviSelcta;
				PRODUCT_NAME = "$(TARGET_NAME)";
				SWIFT_EMIT_LOC_STRINGS = YES;
				SWIFT_VERSION = 5.0;
				TARGETED_DEVICE_FAMILY = "1,2";
			};
			name = Release;
		};
		44AA01CC2982DFC700F97EFC /* Debug */ = {
			isa = XCBuildConfiguration;
			buildSettings = {
				ALWAYS_EMBED_SWIFT_STANDARD_LIBRARIES = YES;
				BUNDLE_LOADER = "$(TEST_HOST)";
				CODE_SIGN_STYLE = Automatic;
				CURRENT_PROJECT_VERSION = 1;
				DEVELOPMENT_TEAM = 2MCP72XDUE;
				GENERATE_INFOPLIST_FILE = YES;
				IPHONEOS_DEPLOYMENT_TARGET = 16.1;
				MARKETING_VERSION = 1.0;
				PRODUCT_BUNDLE_IDENTIFIER = com.DevCon.MuviSelctaTests;
				PRODUCT_NAME = "$(TARGET_NAME)";
				SWIFT_EMIT_LOC_STRINGS = NO;
				SWIFT_VERSION = 5.0;
				TARGETED_DEVICE_FAMILY = "1,2";
				TEST_HOST = "$(BUILT_PRODUCTS_DIR)/MuviSelcta.app/$(BUNDLE_EXECUTABLE_FOLDER_PATH)/MuviSelcta";
			};
			name = Debug;
		};
		44AA01CD2982DFC700F97EFC /* Release */ = {
			isa = XCBuildConfiguration;
			buildSettings = {
				ALWAYS_EMBED_SWIFT_STANDARD_LIBRARIES = YES;
				BUNDLE_LOADER = "$(TEST_HOST)";
				CODE_SIGN_STYLE = Automatic;
				CURRENT_PROJECT_VERSION = 1;
				DEVELOPMENT_TEAM = 2MCP72XDUE;
				GENERATE_INFOPLIST_FILE = YES;
				IPHONEOS_DEPLOYMENT_TARGET = 16.1;
				MARKETING_VERSION = 1.0;
				PRODUCT_BUNDLE_IDENTIFIER = com.DevCon.MuviSelctaTests;
				PRODUCT_NAME = "$(TARGET_NAME)";
				SWIFT_EMIT_LOC_STRINGS = NO;
				SWIFT_VERSION = 5.0;
				TARGETED_DEVICE_FAMILY = "1,2";
				TEST_HOST = "$(BUILT_PRODUCTS_DIR)/MuviSelcta.app/$(BUNDLE_EXECUTABLE_FOLDER_PATH)/MuviSelcta";
			};
			name = Release;
		};
		44AA01CF2982DFC700F97EFC /* Debug */ = {
			isa = XCBuildConfiguration;
			buildSettings = {
				ALWAYS_EMBED_SWIFT_STANDARD_LIBRARIES = YES;
				CODE_SIGN_STYLE = Automatic;
				CURRENT_PROJECT_VERSION = 1;
				DEVELOPMENT_TEAM = 2MCP72XDUE;
				GENERATE_INFOPLIST_FILE = YES;
				MARKETING_VERSION = 1.0;
				PRODUCT_BUNDLE_IDENTIFIER = com.DevCon.MuviSelctaUITests;
				PRODUCT_NAME = "$(TARGET_NAME)";
				SWIFT_EMIT_LOC_STRINGS = NO;
				SWIFT_VERSION = 5.0;
				TARGETED_DEVICE_FAMILY = "1,2";
				TEST_TARGET_NAME = MuviSelcta;
			};
			name = Debug;
		};
		44AA01D02982DFC700F97EFC /* Release */ = {
			isa = XCBuildConfiguration;
			buildSettings = {
				ALWAYS_EMBED_SWIFT_STANDARD_LIBRARIES = YES;
				CODE_SIGN_STYLE = Automatic;
				CURRENT_PROJECT_VERSION = 1;
				DEVELOPMENT_TEAM = 2MCP72XDUE;
				GENERATE_INFOPLIST_FILE = YES;
				MARKETING_VERSION = 1.0;
				PRODUCT_BUNDLE_IDENTIFIER = com.DevCon.MuviSelctaUITests;
				PRODUCT_NAME = "$(TARGET_NAME)";
				SWIFT_EMIT_LOC_STRINGS = NO;
				SWIFT_VERSION = 5.0;
				TARGETED_DEVICE_FAMILY = "1,2";
				TEST_TARGET_NAME = MuviSelcta;
			};
			name = Release;
		};
/* End XCBuildConfiguration section */

/* Begin XCConfigurationList section */
		44AA019A2982DFC500F97EFC /* Build configuration list for PBXProject "MuviSelcta" */ = {
			isa = XCConfigurationList;
			buildConfigurations = (
				44AA01C62982DFC700F97EFC /* Debug */,
				44AA01C72982DFC700F97EFC /* Release */,
			);
			defaultConfigurationIsVisible = 0;
			defaultConfigurationName = Release;
		};
		44AA01C82982DFC700F97EFC /* Build configuration list for PBXNativeTarget "MuviSelcta" */ = {
			isa = XCConfigurationList;
			buildConfigurations = (
				44AA01C92982DFC700F97EFC /* Debug */,
				44AA01CA2982DFC700F97EFC /* Release */,
			);
			defaultConfigurationIsVisible = 0;
			defaultConfigurationName = Release;
		};
		44AA01CB2982DFC700F97EFC /* Build configuration list for PBXNativeTarget "MuviSelctaTests" */ = {
			isa = XCConfigurationList;
			buildConfigurations = (
				44AA01CC2982DFC700F97EFC /* Debug */,
				44AA01CD2982DFC700F97EFC /* Release */,
			);
			defaultConfigurationIsVisible = 0;
			defaultConfigurationName = Release;
		};
		44AA01CE2982DFC700F97EFC /* Build configuration list for PBXNativeTarget "MuviSelctaUITests" */ = {
			isa = XCConfigurationList;
			buildConfigurations = (
				44AA01CF2982DFC700F97EFC /* Debug */,
				44AA01D02982DFC700F97EFC /* Release */,
			);
			defaultConfigurationIsVisible = 0;
			defaultConfigurationName = Release;
		};
/* End XCConfigurationList section */

/* Begin XCVersionGroup section */
		44AA01AD2982DFC600F97EFC /* MuviSelcta.xcdatamodeld */ = {
			isa = XCVersionGroup;
			children = (
				44AA01AE2982DFC600F97EFC /* MuviSelcta.xcdatamodel */,
			);
			currentVersion = 44AA01AE2982DFC600F97EFC /* MuviSelcta.xcdatamodel */;
			path = MuviSelcta.xcdatamodeld;
			sourceTree = "<group>";
			versionGroupType = wrapper.xcdatamodel;
		};
/* End XCVersionGroup section */
	};
	rootObject = 44AA01972982DFC500F97EFC /* Project object */;
}
